
Microsoft Visual Studio Solution File, Format Version 12.00
Project("{FAE04EC0-301F-11D3-BF4B-00C04F79EFBC}") = "PixelBrailleGenerator", "PixelBrailleGenerator\PixelBrailleGenerator.csproj", "{F3BF9CA0-2E56-4EB5-B2B8-50DF78E11C28}"
EndProject
Global
	GlobalSection(SolutionConfigurationPlatforms) = preSolution
		Debug|Any CPU = Debug|Any CPU
		Release|Any CPU = Release|Any CPU
	EndGlobalSection
	GlobalSection(ProjectConfigurationPlatforms) = postSolution
		{F3BF9CA0-2E56-4EB5-B2B8-50DF78E11C28}.Debug|Any CPU.ActiveCfg = Debug|Any CPU
		{F3BF9CA0-2E56-4EB5-B2B8-50DF78E11C28}.Debug|Any CPU.Build.0 = Debug|Any CPU
		{F3BF9CA0-2E56-4EB5-B2B8-50DF78E11C28}.Release|Any CPU.ActiveCfg = Release|Any CPU
		{F3BF9CA0-2E56-4EB5-B2B8-50DF78E11C28}.Release|Any CPU.Build.0 = Release|Any CPU
	EndGlobalSection
EndGlobal
